
Microsoft Visual Studio Solution File, Format Version 12.00
# Visual Studio Version 17
VisualStudioVersion = 17.10.35122.118
MinimumVisualStudioVersion = 10.0.40219.1
Project("{F184B08F-C81C-45F6-A57F-5ABD9991F28F}") = "DiskImageTool", "DiskImageTool\DiskImageTool.vbproj", "{953D9DDF-F8AA-4A81-9DDC-DC43B972FFE7}"
EndProject
Global
	GlobalSection(SolutionConfigurationPlatforms) = preSolution
		Debug|Any CPU = Debug|Any CPU
		Release|Any CPU = Release|Any CPU
	EndGlobalSection
	GlobalSection(ProjectConfigurationPlatforms) = postSolution
		{953D9DDF-F8AA-4A81-9DDC-DC43B972FFE7}.Debug|Any CPU.ActiveCfg = Debug|Any CPU
		{953D9DDF-F8AA-4A81-9DDC-DC43B972FFE7}.Debug|Any CPU.Build.0 = Debug|Any CPU
		{953D9DDF-F8AA-4A81-9DDC-DC43B972FFE7}.Release|Any CPU.ActiveCfg = Release|Any CPU
		{953D9DDF-F8AA-4A81-9DDC-DC43B972FFE7}.Release|Any CPU.Build.0 = Release|Any CPU
	EndGlobalSection
	GlobalSection(SolutionProperties) = preSolution
		HideSolutionNode = FALSE
	EndGlobalSection
	GlobalSection(ExtensibilityGlobals) = postSolution
		SolutionGuid = {9659CFDA-931A-4DBC-9F12-B10A153F18B4}
	EndGlobalSection
EndGlobal
